
Microsoft Visual Studio Solution File, Format Version 12.00
# Visual Studio 15
VisualStudioVersion = 15.0.28010.2050
MinimumVisualStudioVersion = 10.0.40219.1
Project("{FAE04EC0-301F-11D3-BF4B-00C04F79EFBC}") = "WindowsFormsDooz", "WindowsFormsDooz\WindowsFormsDooz.csproj", "{41367974-EAD7-43ED-AB54-5E13860EB6EC}"
EndProject
Global
	GlobalSection(SolutionConfigurationPlatforms) = preSolution
		Debug|Any CPU = Debug|Any CPU
		Release|Any CPU = Release|Any CPU
	EndGlobalSection
	GlobalSection(ProjectConfigurationPlatforms) = postSolution
		{41367974-EAD7-43ED-AB54-5E13860EB6EC}.Debug|Any CPU.ActiveCfg = Debug|Any CPU
		{41367974-EAD7-43ED-AB54-5E13860EB6EC}.Debug|Any CPU.Build.0 = Debug|Any CPU
		{41367974-EAD7-43ED-AB54-5E13860EB6EC}.Release|Any CPU.ActiveCfg = Release|Any CPU
		{41367974-EAD7-43ED-AB54-5E13860EB6EC}.Release|Any CPU.Build.0 = Release|Any CPU
	EndGlobalSection
	GlobalSection(SolutionProperties) = preSolution
		HideSolutionNode = FALSE
	EndGlobalSection
	GlobalSection(ExtensibilityGlobals) = postSolution
		SolutionGuid = {7C3D2FEB-AC3E-450C-A1F5-15D1A4CB23B7}
	EndGlobalSection
EndGlobal
